
Microsoft Visual Studio Solution File, Format Version 12.00
# Visual Studio Version 16
VisualStudioVersion = 16.0.30413.136
MinimumVisualStudioVersion = 10.0.40219.1
Project("{FAE04EC0-301F-11D3-BF4B-00C04F79EFBC}") = "Iot_HubApp", "Iot_HubApp\Iot_HubApp.csproj", "{DCF5A07E-8113-4EA5-98B2-8A234F04773F}"
EndProject
Project("{FAE04EC0-301F-11D3-BF4B-00C04F79EFBC}") = "SharedServices", "SharedServices\SharedServices.csproj", "{D3A3B9BC-59CF-4E78-9BF7-863E62B7121B}"
EndProject
Global
	GlobalSection(SolutionConfigurationPlatforms) = preSolution
		Debug|Any CPU = Debug|Any CPU
		Release|Any CPU = Release|Any CPU
	EndGlobalSection
	GlobalSection(ProjectConfigurationPlatforms) = postSolution
		{DCF5A07E-8113-4EA5-98B2-8A234F04773F}.Debug|Any CPU.ActiveCfg = Debug|Any CPU
		{DCF5A07E-8113-4EA5-98B2-8A234F04773F}.Debug|Any CPU.Build.0 = Debug|Any CPU
		{DCF5A07E-8113-4EA5-98B2-8A234F04773F}.Release|Any CPU.ActiveCfg = Release|Any CPU
		{DCF5A07E-8113-4EA5-98B2-8A234F04773F}.Release|Any CPU.Build.0 = Release|Any CPU
		{D3A3B9BC-59CF-4E78-9BF7-863E62B7121B}.Debug|Any CPU.ActiveCfg = Debug|Any CPU
		{D3A3B9BC-59CF-4E78-9BF7-863E62B7121B}.Debug|Any CPU.Build.0 = Debug|Any CPU
		{D3A3B9BC-59CF-4E78-9BF7-863E62B7121B}.Release|Any CPU.ActiveCfg = Release|Any CPU
		{D3A3B9BC-59CF-4E78-9BF7-863E62B7121B}.Release|Any CPU.Build.0 = Release|Any CPU
	EndGlobalSection
	GlobalSection(SolutionProperties) = preSolution
		HideSolutionNode = FALSE
	EndGlobalSection
	GlobalSection(ExtensibilityGlobals) = postSolution
		SolutionGuid = {336AB819-6CDE-44DD-9954-572EB6D33ED8}
	EndGlobalSection
EndGlobal
